// !$*UTF8*$!
{
	archiveVersion = 1;
	classes = {
	};
	objectVersion = 50;
	objects = {

/* Begin PBXBuildFile section */
		CF163389222B6516003D597F /* AppDelegate.swift in Sources */ = {isa = PBXBuildFile; fileRef = CF163388222B6516003D597F /* AppDelegate.swift */; };
		CF16338B222B6516003D597F /* ViewController.swift in Sources */ = {isa = PBXBuildFile; fileRef = CF16338A222B6516003D597F /* ViewController.swift */; };
		CF16338E222B6516003D597F /* Main.storyboard in Resources */ = {isa = PBXBuildFile; fileRef = CF16338C222B6516003D597F /* Main.storyboard */; };
		CF163390222B651C003D597F /* Assets.xcassets in Resources */ = {isa = PBXBuildFile; fileRef = CF16338F222B651C003D597F /* Assets.xcassets */; };
		CF163393222B651C003D597F /* LaunchScreen.storyboard in Resources */ = {isa = PBXBuildFile; fileRef = CF163391222B651C003D597F /* LaunchScreen.storyboard */; };
		CF16339E222B651C003D597F /* IndicatorTests.swift in Sources */ = {isa = PBXBuildFile; fileRef = CF16339D222B651C003D597F /* IndicatorTests.swift */; };
		CF1633A9222B651C003D597F /* IndicatorUITests.swift in Sources */ = {isa = PBXBuildFile; fileRef = CF1633A8222B651C003D597F /* IndicatorUITests.swift */; };
		CF1633B7222B6C61003D597F /* ViewController2.swift in Sources */ = {isa = PBXBuildFile; fileRef = CF1633B6222B6C61003D597F /* ViewController2.swift */; };
/* End PBXBuildFile section */

/* Begin PBXContainerItemProxy section */
		CF16339A222B651C003D597F /* PBXContainerItemProxy */ = {
			isa = PBXContainerItemProxy;
			containerPortal = CF16337D222B6516003D597F /* Project object */;
			proxyType = 1;
			remoteGlobalIDString = CF163384222B6516003D597F;
			remoteInfo = Indicator;
		};
		CF1633A5222B651C003D597F /* PBXContainerItemProxy */ = {
			isa = PBXContainerItemProxy;
			containerPortal = CF16337D222B6516003D597F /* Project object */;
			proxyType = 1;
			remoteGlobalIDString = CF163384222B6516003D597F;
			remoteInfo = Indicator;
		};
/* End PBXContainerItemProxy section */

/* Begin PBXFileReference section */
		CF163385222B6516003D597F /* Indicator.app */ = {isa = PBXFileReference; explicitFileType = wrapper.application; includeInIndex = 0; path = Indicator.app; sourceTree = BUILT_PRODUCTS_DIR; };
		CF163388222B6516003D597F /* AppDelegate.swift */ = {isa = PBXFileReference; lastKnownFileType = sourcecode.swift; path = AppDelegate.swift; sourceTree = "<group>"; };
		CF16338A222B6516003D597F /* ViewController.swift */ = {isa = PBXFileReference; lastKnownFileType = sourcecode.swift; path = ViewController.swift; sourceTree = "<group>"; };
		CF16338D222B6516003D597F /* Base */ = {isa = PBXFileReference; lastKnownFileType = file.storyboard; name = Base; path = Base.lproj/Main.storyboard; sourceTree = "<group>"; };
		CF16338F222B651C003D597F /* Assets.xcassets */ = {isa = PBXFileReference; lastKnownFileType = folder.assetcatalog; path = Assets.xcassets; sourceTree = "<group>"; };
		CF163392222B651C003D597F /* Base */ = {isa = PBXFileReference; lastKnownFileType = file.storyboard; name = Base; path = Base.lproj/LaunchScreen.storyboard; sourceTree = "<group>"; };
		CF163394222B651C003D597F /* Info.plist */ = {isa = PBXFileReference; lastKnownFileType = text.plist.xml; path = Info.plist; sourceTree = "<group>"; };
		CF163399222B651C003D597F /* IndicatorTests.xctest */ = {isa = PBXFileReference; explicitFileType = wrapper.cfbundle; includeInIndex = 0; path = IndicatorTests.xctest; sourceTree = BUILT_PRODUCTS_DIR; };
		CF16339D222B651C003D597F /* IndicatorTests.swift */ = {isa = PBXFileReference; lastKnownFileType = sourcecode.swift; path = IndicatorTests.swift; sourceTree = "<group>"; };
		CF16339F222B651C003D597F /* Info.plist */ = {isa = PBXFileReference; lastKnownFileType = text.plist.xml; path = Info.plist; sourceTree = "<group>"; };
		CF1633A4222B651C003D597F /* IndicatorUITests.xctest */ = {isa = PBXFileReference; explicitFileType = wrapper.cfbundle; includeInIndex = 0; path = IndicatorUITests.xctest; sourceTree = BUILT_PRODUCTS_DIR; };
		CF1633A8222B651C003D597F /* IndicatorUITests.swift */ = {isa = PBXFileReference; lastKnownFileType = sourcecode.swift; path = IndicatorUITests.swift; sourceTree = "<group>"; };
		CF1633AA222B651C003D597F /* Info.plist */ = {isa = PBXFileReference; lastKnownFileType = text.plist.xml; path = Info.plist; sourceTree = "<group>"; };
		CF1633B6222B6C61003D597F /* ViewController2.swift */ = {isa = PBXFileReference; lastKnownFileType = sourcecode.swift; path = ViewController2.swift; sourceTree = "<group>"; };
/* End PBXFileReference section */

/* Begin PBXFrameworksBuildPhase section */
		CF163382222B6516003D597F /* Frameworks */ = {
			isa = PBXFrameworksBuildPhase;
			buildActionMask = 2147483647;
			files = (
			);
			runOnlyForDeploymentPostprocessing = 0;
		};
		CF163396222B651C003D597F /* Frameworks */ = {
			isa = PBXFrameworksBuildPhase;
			buildActionMask = 2147483647;
			files = (
			);
			runOnlyForDeploymentPostprocessing = 0;
		};
		CF1633A1222B651C003D597F /* Frameworks */ = {
			isa = PBXFrameworksBuildPhase;
			buildActionMask = 2147483647;
			files = (
			);
			runOnlyForDeploymentPostprocessing = 0;
		};
/* End PBXFrameworksBuildPhase section */

/* Begin PBXGroup section */
		CF16337C222B6516003D597F = {
			isa = PBXGroup;
			children = (
				CF163387222B6516003D597F /* Indicator */,
				CF16339C222B651C003D597F /* IndicatorTests */,
				CF1633A7222B651C003D597F /* IndicatorUITests */,
				CF163386222B6516003D597F /* Products */,
			);
			sourceTree = "<group>";
		};
		CF163386222B6516003D597F /* Products */ = {
			isa = PBXGroup;
			children = (
				CF163385222B6516003D597F /* Indicator.app */,
				CF163399222B651C003D597F /* IndicatorTests.xctest */,
				CF1633A4222B651C003D597F /* IndicatorUITests.xctest */,
			);
			name = Products;
			sourceTree = "<group>";
		};
		CF163387222B6516003D597F /* Indicator */ = {
			isa = PBXGroup;
			children = (
				CF163388222B6516003D597F /* AppDelegate.swift */,
				CF16338A222B6516003D597F /* ViewController.swift */,
				CF16338C222B6516003D597F /* Main.storyboard */,
				CF1633B6222B6C61003D597F /* ViewController2.swift */,
				CF16338F222B651C003D597F /* Assets.xcassets */,
				CF163391222B651C003D597F /* LaunchScreen.storyboard */,
				CF163394222B651C003D597F /* Info.plist */,
			);
			path = Indicator;
			sourceTree = "<group>";
		};
		CF16339C222B651C003D597F /* IndicatorTests */ = {
			isa = PBXGroup;
			children = (
				CF16339D222B651C003D597F /* IndicatorTests.swift */,
				CF16339F222B651C003D597F /* Info.plist */,
			);
			path = IndicatorTests;
			sourceTree = "<group>";
		};
		CF1633A7222B651C003D597F /* IndicatorUITests */ = {
			isa = PBXGroup;
			children = (
				CF1633A8222B651C003D597F /* IndicatorUITests.swift */,
				CF1633AA222B651C003D597F /* Info.plist */,
			);
			path = IndicatorUITests;
			sourceTree = "<group>";
		};
/* End PBXGroup section */

/* Begin PBXNativeTarget section */
		CF163384222B6516003D597F /* Indicator */ = {
			isa = PBXNativeTarget;
			buildConfigurationList = CF1633AD222B651C003D597F /* Build configuration list for PBXNativeTarget "Indicator" */;
			buildPhases = (
				CF163381222B6516003D597F /* Sources */,
				CF163382222B6516003D597F /* Frameworks */,
				CF163383222B6516003D597F /* Resources */,
			);
			buildRules = (
			);
			dependencies = (
			);
			name = Indicator;
			productName = Indicator;
			productReference = CF163385222B6516003D597F /* Indicator.app */;
			productType = "com.apple.product-type.application";
		};
		CF163398222B651C003D597F /* IndicatorTests */ = {
			isa = PBXNativeTarget;
			buildConfigurationList = CF1633B0222B651C003D597F /* Build configuration list for PBXNativeTarget "IndicatorTests" */;
			buildPhases = (
				CF163395222B651C003D597F /* Sources */,
				CF163396222B651C003D597F /* Frameworks */,
				CF163397222B651C003D597F /* Resources */,
			);
			buildRules = (
			);
			dependencies = (
				CF16339B222B651C003D597F /* PBXTargetDependency */,
			);
			name = IndicatorTests;
			productName = IndicatorTests;
			productReference = CF163399222B651C003D597F /* IndicatorTests.xctest */;
			productType = "com.apple.product-type.bundle.unit-test";
		};
		CF1633A3222B651C003D597F /* IndicatorUITests */ = {
			isa = PBXNativeTarget;
			buildConfigurationList = CF1633B3222B651C003D597F /* Build configuration list for PBXNativeTarget "IndicatorUITests" */;
			buildPhases = (
				CF1633A0222B651C003D597F /* Sources */,
				CF1633A1222B651C003D597F /* Frameworks */,
				CF1633A2222B651C003D597F /* Resources */,
			);
			buildRules = (
			);
			dependencies = (
				CF1633A6222B651C003D597F /* PBXTargetDependency */,
			);
			name = IndicatorUITests;
			productName = IndicatorUITests;
			productReference = CF1633A4222B651C003D597F /* IndicatorUITests.xctest */;
			productType = "com.apple.product-type.bundle.ui-testing";
		};
/* End PBXNativeTarget section */

/* Begin PBXProject section */
		CF16337D222B6516003D597F /* Project object */ = {
			isa = PBXProject;
			attributes = {
				LastSwiftUpdateCheck = 1010;
				LastUpgradeCheck = 1010;
				ORGANIZATIONNAME = kikyo;
				TargetAttributes = {
					CF163384222B6516003D597F = {
						CreatedOnToolsVersion = 10.1;
					};
					CF163398222B651C003D597F = {
						CreatedOnToolsVersion = 10.1;
						TestTargetID = CF163384222B6516003D597F;
					};
					CF1633A3222B651C003D597F = {
						CreatedOnToolsVersion = 10.1;
						TestTargetID = CF163384222B6516003D597F;
					};
				};
			};
			buildConfigurationList = CF163380222B6516003D597F /* Build configuration list for PBXProject "Indicator" */;
			compatibilityVersion = "Xcode 9.3";
			developmentRegion = en;
			hasScannedForEncodings = 0;
			knownRegions = (
				en,
				Base,
			);
			mainGroup = CF16337C222B6516003D597F;
			productRefGroup = CF163386222B6516003D597F /* Products */;
			projectDirPath = "";
			projectRoot = "";
			targets = (
				CF163384222B6516003D597F /* Indicator */,
				CF163398222B651C003D597F /* IndicatorTests */,
				CF1633A3222B651C003D597F /* IndicatorUITests */,
			);
		};
/* End PBXProject section */

/* Begin PBXResourcesBuildPhase section */
		CF163383222B6516003D597F /* Resources */ = {
			isa = PBXResourcesBuildPhase;
			buildActionMask = 2147483647;
			files = (
				CF163393222B651C003D597F /* LaunchScreen.storyboard in Resources */,
				CF163390222B651C003D597F /* Assets.xcassets in Resources */,
				CF16338E222B6516003D597F /* Main.storyboard in Resources */,
			);
			runOnlyForDeploymentPostprocessing = 0;
		};
		CF163397222B651C003D597F /* Resources */ = {
			isa = PBXResourcesBuildPhase;
			buildActionMask = 2147483647;
			files = (
			);
			runOnlyForDeploymentPostprocessing = 0;
		};
		CF1633A2222B651C003D597F /* Resources */ = {
			isa = PBXResourcesBuildPhase;
			buildActionMask = 2147483647;
			files = (
			);
			runOnlyForDeploymentPostprocessing = 0;
		};
/* End PBXResourcesBuildPhase section */

/* Begin PBXSourcesBuildPhase section */
		CF163381222B6516003D597F /* Sources */ = {
			isa = PBXSourcesBuildPhase;
			buildActionMask = 2147483647;
			files = (
				CF16338B222B6516003D597F /* ViewController.swift in Sources */,
				CF163389222B6516003D597F /* AppDelegate.swift in Sources */,
				CF1633B7222B6C61003D597F /* ViewController2.swift in Sources */,
			);
			runOnlyForDeploymentPostprocessing = 0;
		};
		CF163395222B651C003D597F /* Sources */ = {
			isa = PBXSourcesBuildPhase;
			buildActionMask = 2147483647;
			files = (
				CF16339E222B651C003D597F /* IndicatorTests.swift in Sources */,
			);
			runOnlyForDeploymentPostprocessing = 0;
		};
		CF1633A0222B651C003D597F /* Sources */ = {
			isa = PBXSourcesBuildPhase;
			buildActionMask = 2147483647;
			files = (
				CF1633A9222B651C003D597F /* IndicatorUITests.swift in Sources */,
			);
			runOnlyForDeploymentPostprocessing = 0;
		};
/* End PBXSourcesBuildPhase section */

/* Begin PBXTargetDependency section */
		CF16339B222B651C003D597F /* PBXTargetDependency */ = {
			isa = PBXTargetDependency;
			target = CF163384222B6516003D597F /* Indicator */;
			targetProxy = CF16339A222B651C003D597F /* PBXContainerItemProxy */;
		};
		CF1633A6222B651C003D597F /* PBXTargetDependency */ = {
			isa = PBXTargetDependency;
			target = CF163384222B6516003D597F /* Indicator */;
			targetProxy = CF1633A5222B651C003D597F /* PBXContainerItemProxy */;
		};
/* End PBXTargetDependency section */

/* Begin PBXVariantGroup section */
		CF16338C222B6516003D597F /* Main.storyboard */ = {
			isa = PBXVariantGroup;
			children = (
				CF16338D222B6516003D597F /* Base */,
			);
			name = Main.storyboard;
			sourceTree = "<group>";
		};
		CF163391222B651C003D597F /* LaunchScreen.storyboard */ = {
			isa = PBXVariantGroup;
			children = (
				CF163392222B651C003D597F /* Base */,
			);
			name = LaunchScreen.storyboard;
			sourceTree = "<group>";
		};
/* End PBXVariantGroup section */

/* Begin XCBuildConfiguration section */
		CF1633AB222B651C003D597F /* Debug */ = {
			isa = XCBuildConfiguration;
			buildSettings = {
				ALWAYS_SEARCH_USER_PATHS = NO;
				CLANG_ANALYZER_NONNULL = YES;
				CLANG_ANALYZER_NUMBER_OBJECT_CONVERSION = YES_AGGRESSIVE;
				CLANG_CXX_LANGUAGE_STANDARD = "gnu++14";
				CLANG_CXX_LIBRARY = "libc++";
				CLANG_ENABLE_MODULES = YES;
				CLANG_ENABLE_OBJC_ARC = YES;
				CLANG_ENABLE_OBJC_WEAK = YES;
				CLANG_WARN_BLOCK_CAPTURE_AUTORELEASING = YES;
				CLANG_WARN_BOOL_CONVERSION = YES;
				CLANG_WARN_COMMA = YES;
				CLANG_WARN_CONSTANT_CONVERSION = YES;
				CLANG_WARN_DEPRECATED_OBJC_IMPLEMENTATIONS = YES;
				CLANG_WARN_DIRECT_OBJC_ISA_USAGE = YES_ERROR;
				CLANG_WARN_DOCUMENTATION_COMMENTS = YES;
				CLANG_WARN_EMPTY_BODY = YES;
				CLANG_WARN_ENUM_CONVERSION = YES;
				CLANG_WARN_INFINITE_RECURSION = YES;
				CLANG_WARN_INT_CONVERSION = YES;
				CLANG_WARN_NON_LITERAL_NULL_CONVERSION = YES;
				CLANG_WARN_OBJC_IMPLICIT_RETAIN_SELF = YES;
				CLANG_WARN_OBJC_LITERAL_CONVERSION = YES;
				CLANG_WARN_OBJC_ROOT_CLASS = YES_ERROR;
				CLANG_WARN_RANGE_LOOP_ANALYSIS = YES;
				CLANG_WARN_STRICT_PROTOTYPES = YES;
				CLANG_WARN_SUSPICIOUS_MOVE = YES;
				CLANG_WARN_UNGUARDED_AVAILABILITY = YES_AGGRESSIVE;
				CLANG_WARN_UNREACHABLE_CODE = YES;
				CLANG_WARN__DUPLICATE_METHOD_MATCH = YES;
				CODE_SIGN_IDENTITY = "iPhone Developer";
				COPY_PHASE_STRIP = NO;
				DEBUG_INFORMATION_FORMAT = dwarf;
				ENABLE_STRICT_OBJC_MSGSEND = YES;
				ENABLE_TESTABILITY = YES;
				GCC_C_LANGUAGE_STANDARD = gnu11;
				GCC_DYNAMIC_NO_PIC = NO;
				GCC_NO_COMMON_BLOCKS = YES;
				GCC_OPTIMIZATION_LEVEL = 0;
				GCC_PREPROCESSOR_DEFINITIONS = (
					"DEBUG=1",
					"$(inherited)",
				);
				GCC_WARN_64_TO_32_BIT_CONVERSION = YES;
				GCC_WARN_ABOUT_RETURN_TYPE = YES_ERROR;
				GCC_WARN_UNDECLARED_SELECTOR = YES;
				GCC_WARN_UNINITIALIZED_AUTOS = YES_AGGRESSIVE;
				GCC_WARN_UNUSED_FUNCTION = YES;
				GCC_WARN_UNUSED_VARIABLE = YES;
				IPHONEOS_DEPLOYMENT_TARGET = 12.1;
				MTL_ENABLE_DEBUG_INFO = INCLUDE_SOURCE;
				MTL_FAST_MATH = YES;
				ONLY_ACTIVE_ARCH = YES;
				SDKROOT = iphoneos;
				SWIFT_ACTIVE_COMPILATION_CONDITIONS = DEBUG;
				SWIFT_OPTIMIZATION_LEVEL = "-Onone";
			};
			name = Debug;
		};
		CF1633AC222B651C003D597F /* Release */ = {
			isa = XCBuildConfiguration;
			buildSettings = {
				ALWAYS_SEARCH_USER_PATHS = NO;
				CLANG_ANALYZER_NONNULL = YES;
				CLANG_ANALYZER_NUMBER_OBJECT_CONVERSION = YES_AGGRESSIVE;
				CLANG_CXX_LANGUAGE_STANDARD = "gnu++14";
				CLANG_CXX_LIBRARY = "libc++";
				CLANG_ENABLE_MODULES = YES;
				CLANG_ENABLE_OBJC_ARC = YES;
				CLANG_ENABLE_OBJC_WEAK = YES;
				CLANG_WARN_BLOCK_CAPTURE_AUTORELEASING = YES;
				CLANG_WARN_BOOL_CONVERSION = YES;
				CLANG_WARN_COMMA = YES;
				CLANG_WARN_CONSTANT_CONVERSION = YES;
				CLANG_WARN_DEPRECATED_OBJC_IMPLEMENTATIONS = YES;
				CLANG_WARN_DIRECT_OBJC_ISA_USAGE = YES_ERROR;
				CLANG_WARN_DOCUMENTATION_COMMENTS = YES;
				CLANG_WARN_EMPTY_BODY = YES;
				CLANG_WARN_ENUM_CONVERSION = YES;
				CLANG_WARN_INFINITE_RECURSION = YES;
				CLANG_WARN_INT_CONVERSION = YES;
				CLANG_WARN_NON_LITERAL_NULL_CONVERSION = YES;
				CLANG_WARN_OBJC_IMPLICIT_RETAIN_SELF = YES;
				CLANG_WARN_OBJC_LITERAL_CONVERSION = YES;
				CLANG_WARN_OBJC_ROOT_CLASS = YES_ERROR;
				CLANG_WARN_RANGE_LOOP_ANALYSIS = YES;
				CLANG_WARN_STRICT_PROTOTYPES = YES;
				CLANG_WARN_SUSPICIOUS_MOVE = YES;
				CLANG_WARN_UNGUARDED_AVAILABILITY = YES_AGGRESSIVE;
				CLANG_WARN_UNREACHABLE_CODE = YES;
				CLANG_WARN__DUPLICATE_METHOD_MATCH = YES;
				CODE_SIGN_IDENTITY = "iPhone Developer";
				COPY_PHASE_STRIP = NO;
				DEBUG_INFORMATION_FORMAT = "dwarf-with-dsym";
				ENABLE_NS_ASSERTIONS = NO;
				ENABLE_STRICT_OBJC_MSGSEND = YES;
				GCC_C_LANGUAGE_STANDARD = gnu11;
				GCC_NO_COMMON_BLOCKS = YES;
				GCC_WARN_64_TO_32_BIT_CONVERSION = YES;
				GCC_WARN_ABOUT_RETURN_TYPE = YES_ERROR;
				GCC_WARN_UNDECLARED_SELECTOR = YES;
				GCC_WARN_UNINITIALIZED_AUTOS = YES_AGGRESSIVE;
				GCC_WARN_UNUSED_FUNCTION = YES;
				GCC_WARN_UNUSED_VARIABLE = YES;
				IPHONEOS_DEPLOYMENT_TARGET = 12.1;
				MTL_ENABLE_DEBUG_INFO = NO;
				MTL_FAST_MATH = YES;
				SDKROOT = iphoneos;
				SWIFT_COMPILATION_MODE = wholemodule;
				SWIFT_OPTIMIZATION_LEVEL = "-O";
				VALIDATE_PRODUCT = YES;
			};
			name = Release;
		};
		CF1633AE222B651C003D597F /* Debug */ = {
			isa = XCBuildConfiguration;
			buildSettings = {
				ASSETCATALOG_COMPILER_APPICON_NAME = AppIcon;
				CODE_SIGN_STYLE = Automatic;
				INFOPLIST_FILE = Indicator/Info.plist;
				LD_RUNPATH_SEARCH_PATHS = (
					"$(inherited)",
					"@executable_path/Frameworks",
				);
				PRODUCT_BUNDLE_IDENTIFIER = com.kikyos.Indicator;
				PRODUCT_NAME = "$(TARGET_NAME)";
				SWIFT_VERSION = 4.2;
				TARGETED_DEVICE_FAMILY = "1,2";
			};
			name = Debug;
		};
		CF1633AF222B651C003D597F /* Release */ = {
			isa = XCBuildConfiguration;
			buildSettings = {
				ASSETCATALOG_COMPILER_APPICON_NAME = AppIcon;
				CODE_SIGN_STYLE = Automatic;
				INFOPLIST_FILE = Indicator/Info.plist;
				LD_RUNPATH_SEARCH_PATHS = (
					"$(inherited)",
					"@executable_path/Frameworks",
				);
				PRODUCT_BUNDLE_IDENTIFIER = com.kikyos.Indicator;
				PRODUCT_NAME = "$(TARGET_NAME)";
				SWIFT_VERSION = 4.2;
				TARGETED_DEVICE_FAMILY = "1,2";
			};
			name = Release;
		};
		CF1633B1222B651C003D597F /* Debug */ = {
			isa = XCBuildConfiguration;
			buildSettings = {
				ALWAYS_EMBED_SWIFT_STANDARD_LIBRARIES = YES;
				BUNDLE_LOADER = "$(TEST_HOST)";
				CODE_SIGN_STYLE = Automatic;
				INFOPLIST_FILE = IndicatorTests/Info.plist;
				LD_RUNPATH_SEARCH_PATHS = (
					"$(inherited)",
					"@executable_path/Frameworks",
					"@loader_path/Frameworks",
				);
				PRODUCT_BUNDLE_IDENTIFIER = com.kikyos.IndicatorTests;
				PRODUCT_NAME = "$(TARGET_NAME)";
				SWIFT_VERSION = 4.2;
				TARGETED_DEVICE_FAMILY = "1,2";
				TEST_HOST = "$(BUILT_PRODUCTS_DIR)/Indicator.app/Indicator";
			};
			name = Debug;
		};
		CF1633B2222B651C003D597F /* Release */ = {
			isa = XCBuildConfiguration;
			buildSettings = {
				ALWAYS_EMBED_SWIFT_STANDARD_LIBRARIES = YES;
				BUNDLE_LOADER = "$(TEST_HOST)";
				CODE_SIGN_STYLE = Automatic;
				INFOPLIST_FILE = IndicatorTests/Info.plist;
				LD_RUNPATH_SEARCH_PATHS = (
					"$(inherited)",
					"@executable_path/Frameworks",
					"@loader_path/Frameworks",
				);
				PRODUCT_BUNDLE_IDENTIFIER = com.kikyos.IndicatorTests;
				PRODUCT_NAME = "$(TARGET_NAME)";
				SWIFT_VERSION = 4.2;
				TARGETED_DEVICE_FAMILY = "1,2";
				TEST_HOST = "$(BUILT_PRODUCTS_DIR)/Indicator.app/Indicator";
			};
			name = Release;
		};
		CF1633B4222B651C003D597F /* Debug */ = {
			isa = XCBuildConfiguration;
			buildSettings = {
				ALWAYS_EMBED_SWIFT_STANDARD_LIBRARIES = YES;
				CODE_SIGN_STYLE = Automatic;
				INFOPLIST_FILE = IndicatorUITests/Info.plist;
				LD_RUNPATH_SEARCH_PATHS = (
					"$(inherited)",
					"@executable_path/Frameworks",
					"@loader_path/Frameworks",
				);
				PRODUCT_BUNDLE_IDENTIFIER = com.kikyos.IndicatorUITests;
				PRODUCT_NAME = "$(TARGET_NAME)";
				SWIFT_VERSION = 4.2;
				TARGETED_DEVICE_FAMILY = "1,2";
				TEST_TARGET_NAME = Indicator;
			};
			name = Debug;
		};
		CF1633B5222B651C003D597F /* Release */ = {
			isa = XCBuildConfiguration;
			buildSettings = {
				ALWAYS_EMBED_SWIFT_STANDARD_LIBRARIES = YES;
				CODE_SIGN_STYLE = Automatic;
				INFOPLIST_FILE = IndicatorUITests/Info.plist;
				LD_RUNPATH_SEARCH_PATHS = (
					"$(inherited)",
					"@executable_path/Frameworks",
					"@loader_path/Frameworks",
				);
				PRODUCT_BUNDLE_IDENTIFIER = com.kikyos.IndicatorUITests;
				PRODUCT_NAME = "$(TARGET_NAME)";
				SWIFT_VERSION = 4.2;
				TARGETED_DEVICE_FAMILY = "1,2";
				TEST_TARGET_NAME = Indicator;
			};
			name = Release;
		};
/* End XCBuildConfiguration section */

/* Begin XCConfigurationList section */
		CF163380222B6516003D597F /* Build configuration list for PBXProject "Indicator" */ = {
			isa = XCConfigurationList;
			buildConfigurations = (
				CF1633AB222B651C003D597F /* Debug */,
				CF1633AC222B651C003D597F /* Release */,
			);
			defaultConfigurationIsVisible = 0;
			defaultConfigurationName = Release;
		};
		CF1633AD222B651C003D597F /* Build configuration list for PBXNativeTarget "Indicator" */ = {
			isa = XCConfigurationList;
			buildConfigurations = (
				CF1633AE222B651C003D597F /* Debug */,
				CF1633AF222B651C003D597F /* Release */,
			);
			defaultConfigurationIsVisible = 0;
			defaultConfigurationName = Release;
		};
		CF1633B0222B651C003D597F /* Build configuration list for PBXNativeTarget "IndicatorTests" */ = {
			isa = XCConfigurationList;
			buildConfigurations = (
				CF1633B1222B651C003D597F /* Debug */,
				CF1633B2222B651C003D597F /* Release */,
			);
			defaultConfigurationIsVisible = 0;
			defaultConfigurationName = Release;
		};
		CF1633B3222B651C003D597F /* Build configuration list for PBXNativeTarget "IndicatorUITests" */ = {
			isa = XCConfigurationList;
			buildConfigurations = (
				CF1633B4222B651C003D597F /* Debug */,
				CF1633B5222B651C003D597F /* Release */,
			);
			defaultConfigurationIsVisible = 0;
			defaultConfigurationName = Release;
		};
/* End XCConfigurationList section */
	};
	rootObject = CF16337D222B6516003D597F /* Project object */;
}
